
Microsoft Visual Studio Solution File, Format Version 12.00
# Visual Studio Version 17
VisualStudioVersion = 17.9.34607.119
MinimumVisualStudioVersion = 10.0.40219.1
Project("{FAE04EC0-301F-11D3-BF4B-00C04F79EFBC}") = "NPC Manager Management", "NPC Manager Management\NPC Manager Management.csproj", "{46EDA06E-4597-4DE7-B509-C8957E29C3D3}"
EndProject
Global
	GlobalSection(SolutionConfigurationPlatforms) = preSolution
		Debug|Any CPU = Debug|Any CPU
		Release|Any CPU = Release|Any CPU
	EndGlobalSection
	GlobalSection(ProjectConfigurationPlatforms) = postSolution
		{46EDA06E-4597-4DE7-B509-C8957E29C3D3}.Debug|Any CPU.ActiveCfg = Debug|Any CPU
		{46EDA06E-4597-4DE7-B509-C8957E29C3D3}.Debug|Any CPU.Build.0 = Debug|Any CPU
		{46EDA06E-4597-4DE7-B509-C8957E29C3D3}.Release|Any CPU.ActiveCfg = Release|Any CPU
		{46EDA06E-4597-4DE7-B509-C8957E29C3D3}.Release|Any CPU.Build.0 = Release|Any CPU
	EndGlobalSection
	GlobalSection(SolutionProperties) = preSolution
		HideSolutionNode = FALSE
	EndGlobalSection
	GlobalSection(ExtensibilityGlobals) = postSolution
		SolutionGuid = {A863C4B3-D2B9-47D7-AECA-D4621DF8950F}
	EndGlobalSection
EndGlobal
